
Microsoft Visual Studio Solution File, Format Version 12.00
Project("{FAE04EC0-301F-11D3-BF4B-00C04F79EFBC}") = "WebAPI.JWT", "WebAPI.JWT\WebAPI.JWT.csproj", "{B0A006B7-666C-4856-A133-7B932A2BAE31}"
EndProject
Global
	GlobalSection(SolutionConfigurationPlatforms) = preSolution
		Debug|Any CPU = Debug|Any CPU
		Release|Any CPU = Release|Any CPU
	EndGlobalSection
	GlobalSection(ProjectConfigurationPlatforms) = postSolution
		{B0A006B7-666C-4856-A133-7B932A2BAE31}.Debug|Any CPU.ActiveCfg = Debug|Any CPU
		{B0A006B7-666C-4856-A133-7B932A2BAE31}.Debug|Any CPU.Build.0 = Debug|Any CPU
		{B0A006B7-666C-4856-A133-7B932A2BAE31}.Release|Any CPU.ActiveCfg = Release|Any CPU
		{B0A006B7-666C-4856-A133-7B932A2BAE31}.Release|Any CPU.Build.0 = Release|Any CPU
	EndGlobalSection
EndGlobal
